
Microsoft Visual Studio Solution File, Format Version 12.00
# Visual Studio Version 17
VisualStudioVersion = 17.13.35818.85 d17.13
MinimumVisualStudioVersion = 10.0.40219.1
Project("{FAE04EC0-301F-11D3-BF4B-00C04F79EFBC}") = "SmartLink.Core", "SmartLink.Core\SmartLink.Core.csproj", "{5B2883B2-F03C-48DC-B1A0-AD578EAED173}"
EndProject
Global
	GlobalSection(SolutionConfigurationPlatforms) = preSolution
		Debug|Any CPU = Debug|Any CPU
		Release|Any CPU = Release|Any CPU
	EndGlobalSection
	GlobalSection(ProjectConfigurationPlatforms) = postSolution
		{5B2883B2-F03C-48DC-B1A0-AD578EAED173}.Debug|Any CPU.ActiveCfg = Debug|Any CPU
		{5B2883B2-F03C-48DC-B1A0-AD578EAED173}.Debug|Any CPU.Build.0 = Debug|Any CPU
		{5B2883B2-F03C-48DC-B1A0-AD578EAED173}.Release|Any CPU.ActiveCfg = Release|Any CPU
		{5B2883B2-F03C-48DC-B1A0-AD578EAED173}.Release|Any CPU.Build.0 = Release|Any CPU
	EndGlobalSection
	GlobalSection(SolutionProperties) = preSolution
		HideSolutionNode = FALSE
	EndGlobalSection
	GlobalSection(ExtensibilityGlobals) = postSolution
		SolutionGuid = {98171D33-A87E-4DB0-A2BE-D818403F9B88}
	EndGlobalSection
EndGlobal
